
Microsoft Visual Studio Solution File, Format Version 12.00
# Visual Studio Version 17
VisualStudioVersion = 17.13.35818.85 d17.13
MinimumVisualStudioVersion = 10.0.40219.1
Project("{8BC9CEB8-8B4A-11D0-8D11-00A0C91BC942}") = "GenAlgAlgorithms", "GenAlgAlgorithms.vcxproj", "{202033EC-BDB8-9B75-AF34-990B88BC7E82}"
EndProject
Global
	GlobalSection(SolutionConfigurationPlatforms) = preSolution
		Debug|x64 = Debug|x64
		Debug|x86 = Debug|x86
		Release|x64 = Release|x64
		Release|x86 = Release|x86
	EndGlobalSection
	GlobalSection(ProjectConfigurationPlatforms) = postSolution
		{202033EC-BDB8-9B75-AF34-990B88BC7E82}.Debug|x64.ActiveCfg = Debug|x64
		{202033EC-BDB8-9B75-AF34-990B88BC7E82}.Debug|x64.Build.0 = Debug|x64
		{202033EC-BDB8-9B75-AF34-990B88BC7E82}.Debug|x86.ActiveCfg = Debug|Win32
		{202033EC-BDB8-9B75-AF34-990B88BC7E82}.Debug|x86.Build.0 = Debug|Win32
		{202033EC-BDB8-9B75-AF34-990B88BC7E82}.Release|x64.ActiveCfg = Release|x64
		{202033EC-BDB8-9B75-AF34-990B88BC7E82}.Release|x64.Build.0 = Release|x64
		{202033EC-BDB8-9B75-AF34-990B88BC7E82}.Release|x86.ActiveCfg = Release|Win32
		{202033EC-BDB8-9B75-AF34-990B88BC7E82}.Release|x86.Build.0 = Release|Win32
	EndGlobalSection
	GlobalSection(SolutionProperties) = preSolution
		HideSolutionNode = FALSE
	EndGlobalSection
	GlobalSection(ExtensibilityGlobals) = postSolution
		SolutionGuid = {F5A0AA4A-7B6B-42DA-B813-50D493506408}
	EndGlobalSection
EndGlobal
