<?xml version="1.0" encoding="utf-8"?>
<Project ToolsVersion="4.0" xmlns="http://schemas.microsoft.com/developer/msbuild/2003">
  <ItemGroup>
    <Filter Include="Source Files">
      <UniqueIdentifier>{4FC737F1-C7A5-4376-A066-2A32D752A2FF}</UniqueIdentifier>
      <Extensions>cpp;c;cc;cxx;def;odl;idl;hpj;bat;asm;asmx</Extensions>
    </Filter>
    <Filter Include="Header Files">
      <UniqueIdentifier>{93995380-89BD-4b04-88EB-625FBE52EBFB}</UniqueIdentifier>
      <Extensions>h;hh;hpp;hxx;hm;inl;inc;xsd</Extensions>
    </Filter>
    <Filter Include="Resource Files">
      <UniqueIdentifier>{67DA6AB6-F800-4c08-8B7A-83BB121AAD01}</UniqueIdentifier>
      <Extensions>rc;ico;cur;bmp;dlg;rc2;rct;bin;rgs;gif;jpg;jpeg;jpe;resx;tiff;tif;png;wav</Extensions>
    </Filter>
  </ItemGroup>
  <ItemGroup>
    <ClCompile Include="FPolynomialTest.cpp">
      <Filter>Source Files</Filter>
    </ClCompile>
    <ClCompile Include="PolynomialElementTest.cpp">
      <Filter>Source Files</Filter>
    </ClCompile>
    <ClCompile Include="RPolynomialTest.cpp">
      <Filter>Source Files</Filter>
    </ClCompile>
    <ClCompile Include="tests.cpp">
      <Filter>Source Files</Filter>
    </ClCompile>
    <ClCompile Include="TrueFPolynomialTest.cpp">
      <Filter>Source Files</Filter>
    </ClCompile>
    <ClCompile Include="mathbase\AST_ContextType.cpp">
      <Filter>Source Files</Filter>
    </ClCompile>
    <ClCompile Include="mathbase\AST_FiniteFieldCalculator.cpp">
      <Filter>Source Files</Filter>
    </ClCompile>
    <ClCompile Include="mathbase\AST_GenericVisitor.cpp">
      <Filter>Source Files</Filter>
    </ClCompile>
    <ClCompile Include="mathbase\AST_IntegerCalculator.cpp">
      <Filter>Source Files</Filter>
    </ClCompile>
    <ClCompile Include="mathbase\CalculationOfSquareRoot.cpp">
      <Filter>Source Files</Filter>
    </ClCompile>
    <ClCompile Include="mathbase\Euler.cpp">
      <Filter>Source Files</Filter>
    </ClCompile>
    <ClCompile Include="mathbase\Executor.cpp">
      <Filter>Source Files</Filter>
    </ClCompile>
    <ClCompile Include="mathbase\FactorizationEngine.cpp">
      <Filter>Source Files</Filter>
    </ClCompile>
    <ClCompile Include="mathbase\FactorizationResult.cpp">
      <Filter>Source Files</Filter>
    </ClCompile>
    <ClCompile Include="mathbase\GCD.cpp">
      <Filter>Source Files</Filter>
    </ClCompile>
    <ClCompile Include="mathbase\InterpretationManager.cpp">
      <Filter>Source Files</Filter>
    </ClCompile>
    <ClCompile Include="mathbase\Logarithm.cpp">
      <Filter>Source Files</Filter>
    </ClCompile>
    <ClCompile Include="mathbase\OrderEngine.cpp">
      <Filter>Source Files</Filter>
    </ClCompile>
    <ClCompile Include="mathbase\PrimeGenerator.cpp">
      <Filter>Source Files</Filter>
    </ClCompile>
    <ClCompile Include="mathbase\PrimeTestEngine.cpp">
      <Filter>Source Files</Filter>
    </ClCompile>
    <ClCompile Include="mathbase\RNG.cpp">
      <Filter>Source Files</Filter>
    </ClCompile>
    <ClCompile Include="mathbase\Wrapper.cpp">
      <Filter>Source Files</Filter>
    </ClCompile>
    <ClCompile Include="mathbase\merr\errloc.cpp">
      <Filter>Source Files</Filter>
    </ClCompile>
    <ClCompile Include="mathbase\merr\ErrorManager.cpp">
      <Filter>Source Files</Filter>
    </ClCompile>
    <ClCompile Include="mathbase\merr\errpick.cpp">
      <Filter>Source Files</Filter>
    </ClCompile>
    <ClCompile Include="mathbase\merr\MathError.cpp">
      <Filter>Source Files</Filter>
    </ClCompile>
    <ClCompile Include="mathbase\merr\MathErrorType.cpp">
      <Filter>Source Files</Filter>
    </ClCompile>
    <ClCompile Include="mathbase\parse\AST_Core.cpp">
      <Filter>Source Files</Filter>
    </ClCompile>
    <ClCompile Include="mathbase\parse\AST_Operation.cpp">
      <Filter>Source Files</Filter>
    </ClCompile>
    <ClCompile Include="mathbase\parse\command.cpp">
      <Filter>Source Files</Filter>
    </ClCompile>
    <ClCompile Include="mathbase\parse\interpreter.cpp">
      <Filter>Source Files</Filter>
    </ClCompile>
    <ClCompile Include="mathbase\parse\parser.cpp">
      <Filter>Source Files</Filter>
    </ClCompile>
    <ClCompile Include="mathbase\parse\scanner.cpp">
      <Filter>Source Files</Filter>
    </ClCompile>
    <ClCompile Include="mathbase\utils\StringPrintable.cpp">
      <Filter>Source Files</Filter>
    </ClCompile>
    <ClCompile Include="mathbase\utils\StringUtils.cpp">
      <Filter>Source Files</Filter>
    </ClCompile>
    <ClCompile Include="mathbase\utils\TestEngineFiniteField.cpp">
      <Filter>Source Files</Filter>
    </ClCompile>
    <ClCompile Include="mathbase\utils\TestEngineUtils.cpp">
      <Filter>Source Files</Filter>
    </ClCompile>
    <ClCompile Include="mathbase\utils\TestUtils.cpp">
      <Filter>Source Files</Filter>
    </ClCompile>
    <ClCompile Include="mathbase\utils\Validate.cpp">
      <Filter>Source Files</Filter>
    </ClCompile>
  </ItemGroup>
  <ItemGroup>
    <ClInclude Include="doctest.h">
      <Filter>Header Files</Filter>
    </ClInclude>
    <ClInclude Include="mathbase\AST_Context_Type.h">
      <Filter>Header Files</Filter>
    </ClInclude>
    <ClInclude Include="mathbase\AST_FiniteFieldCalculator.h">
      <Filter>Header Files</Filter>
    </ClInclude>
    <ClInclude Include="mathbase\AST_Generic_Visitor.h">
      <Filter>Header Files</Filter>
    </ClInclude>
    <ClInclude Include="mathbase\AST_Integer_Calculator.h">
      <Filter>Header Files</Filter>
    </ClInclude>
    <ClInclude Include="mathbase\CalculationOfSquareRoot.h">
      <Filter>Header Files</Filter>
    </ClInclude>
    <ClInclude Include="mathbase\Euler.h">
      <Filter>Header Files</Filter>
    </ClInclude>
    <ClInclude Include="mathbase\Executor.h">
      <Filter>Header Files</Filter>
    </ClInclude>
    <ClInclude Include="mathbase\Exponent.h">
      <Filter>Header Files</Filter>
    </ClInclude>
    <ClInclude Include="mathbase\FactorizationEngine.h">
      <Filter>Header Files</Filter>
    </ClInclude>
    <ClInclude Include="mathbase\FactorizationResult.h">
      <Filter>Header Files</Filter>
    </ClInclude>
    <ClInclude Include="mathbase\Field.h">
      <Filter>Header Files</Filter>
    </ClInclude>
    <ClInclude Include="mathbase\FiniteField.h">
      <Filter>Header Files</Filter>
    </ClInclude>
    <ClInclude Include="mathbase\FiniteGroup.h">
      <Filter>Header Files</Filter>
    </ClInclude>
    <ClInclude Include="mathbase\FiniteNumber.h">
      <Filter>Header Files</Filter>
    </ClInclude>
    <ClInclude Include="mathbase\FPolynomial.h">
      <Filter>Header Files</Filter>
    </ClInclude>
    <ClInclude Include="mathbase\GCD.h">
      <Filter>Header Files</Filter>
    </ClInclude>
    <ClInclude Include="mathbase\Generic_Math.h">
      <Filter>Header Files</Filter>
    </ClInclude>
    <ClInclude Include="mathbase\InterpretationManager.h">
      <Filter>Header Files</Filter>
    </ClInclude>
    <ClInclude Include="mathbase\Logarithm.h">
      <Filter>Header Files</Filter>
    </ClInclude>
    <ClInclude Include="mathbase\Message.h">
      <Filter>Header Files</Filter>
    </ClInclude>
    <ClInclude Include="mathbase\MillerRabin.h">
      <Filter>Header Files</Filter>
    </ClInclude>
    <ClInclude Include="mathbase\OrderEngine.h">
      <Filter>Header Files</Filter>
    </ClInclude>
    <ClInclude Include="mathbase\Pollard.h">
      <Filter>Header Files</Filter>
    </ClInclude>
    <ClInclude Include="mathbase\Polynomial.h">
      <Filter>Header Files</Filter>
    </ClInclude>
    <ClInclude Include="mathbase\PolynomialElement.h">
      <Filter>Header Files</Filter>
    </ClInclude>
    <ClInclude Include="mathbase\PositiveNumber.h">
      <Filter>Header Files</Filter>
    </ClInclude>
    <ClInclude Include="mathbase\PrimeGenerator.h">
      <Filter>Header Files</Filter>
    </ClInclude>
    <ClInclude Include="mathbase\PrimeTestEngine.h">
      <Filter>Header Files</Filter>
    </ClInclude>
    <ClInclude Include="mathbase\RNG.h">
      <Filter>Header Files</Filter>
    </ClInclude>
    <ClInclude Include="mathbase\RPolynomial.h">
      <Filter>Header Files</Filter>
    </ClInclude>
    <ClInclude Include="mathbase\SignedNumber.h">
      <Filter>Header Files</Filter>
    </ClInclude>
    <ClInclude Include="mathbase\TrueFPolynomial.h">
      <Filter>Header Files</Filter>
    </ClInclude>
    <ClInclude Include="mathbase\merr\errloc.h">
      <Filter>Header Files</Filter>
    </ClInclude>
    <ClInclude Include="mathbase\merr\ErrorManager.h">
      <Filter>Header Files</Filter>
    </ClInclude>
    <ClInclude Include="mathbase\merr\errpick.h">
      <Filter>Header Files</Filter>
    </ClInclude>
    <ClInclude Include="mathbase\merr\MathError.h">
      <Filter>Header Files</Filter>
    </ClInclude>
    <ClInclude Include="mathbase\merr\MathErrorType.h">
      <Filter>Header Files</Filter>
    </ClInclude>
    <ClInclude Include="mathbase\parse\AST_Core.h">
      <Filter>Header Files</Filter>
    </ClInclude>
    <ClInclude Include="mathbase\parse\AST_Operation.h">
      <Filter>Header Files</Filter>
    </ClInclude>
    <ClInclude Include="mathbase\parse\command.h">
      <Filter>Header Files</Filter>
    </ClInclude>
    <ClInclude Include="mathbase\parse\FlexLexer.h">
      <Filter>Header Files</Filter>
    </ClInclude>
    <ClInclude Include="mathbase\parse\Header.h">
      <Filter>Header Files</Filter>
    </ClInclude>
    <ClInclude Include="mathbase\parse\interpreter.h">
      <Filter>Header Files</Filter>
    </ClInclude>
    <ClInclude Include="mathbase\parse\scanner.h">
      <Filter>Header Files</Filter>
    </ClInclude>
    <ClInclude Include="mathbase\parse\location.hh">
      <Filter>Header Files</Filter>
    </ClInclude>
    <ClInclude Include="mathbase\parse\position.hh">
      <Filter>Header Files</Filter>
    </ClInclude>
    <ClInclude Include="mathbase\parse\stack.hh">
      <Filter>Header Files</Filter>
    </ClInclude>
    <ClInclude Include="mathbase\parse\parser.hpp">
      <Filter>Header Files</Filter>
    </ClInclude>
    <ClInclude Include="mathbase\utils\StringPrintable.h">
      <Filter>Header Files</Filter>
    </ClInclude>
    <ClInclude Include="mathbase\utils\StringUtils.h">
      <Filter>Header Files</Filter>
    </ClInclude>
    <ClInclude Include="mathbase\utils\TestEngineFiniteField.h">
      <Filter>Header Files</Filter>
    </ClInclude>
    <ClInclude Include="mathbase\utils\TestEngineUtils.h">
      <Filter>Header Files</Filter>
    </ClInclude>
    <ClInclude Include="mathbase\utils\TestUtils.h">
      <Filter>Header Files</Filter>
    </ClInclude>
    <ClInclude Include="mathbase\utils\Validate.h">
      <Filter>Header Files</Filter>
    </ClInclude>
  </ItemGroup>
</Project>